<Solution>
  <Folder Name="/src/">
    <Project Path="src/FlowX.Abstractions/FlowX.Abstractions.csproj" />
    <Project Path="src/FlowX.Compiler/FlowX.Compiler.csproj" />
    <Project Path="src/FlowX.Compiler.CodeFixes/FlowX.Compiler.CodeFixes.csproj" />
    <Project Path="src/FlowX.Cli/FlowX.Cli.csproj" />
    <Project Path="src/FlowX.Core/FlowX.Core.csproj" />
    <Project Path="src/FlowX.Hosting/FlowX.Hosting.csproj" />
    <Project Path="src/FlowX.Runtime/FlowX.Runtime.csproj" />
    <Project Path="src/FlowX.Testing/FlowX.Testing.csproj" />
  </Folder>
  <Folder Name="/plugins/">
    <Project Path="plugins/FlowX.Http/FlowX.Http.csproj" />
    <Project Path="plugins/FlowX.Postgres/FlowX.Postgres.csproj" />
    <Project Path="plugins/FlowX.Redis/FlowX.Redis.csproj" />
  </Folder>
  <Folder Name="/samples/">
    <Project Path="samples/banking/Banking.csproj" />
    <Project Path="samples/ecommerce/Ecommerce.csproj" />
    <Project Path="samples/workflow/Workflow.csproj" />
  </Folder>
  <Folder Name="/tests/">
    <Project Path="tests/Banking.Tests/Banking.Tests.csproj" />
    <Project Path="tests/Ecommerce.Tests/Ecommerce.Tests.csproj" />
    <Project Path="tests/FlowX.Abstractions.Tests/FlowX.Abstractions.Tests.csproj" />
    <Project Path="tests/FlowX.Architecture.Tests/FlowX.Architecture.Tests.csproj" />
    <Project Path="tests/FlowX.Benchmarks/FlowX.Benchmarks.csproj" />
    <Project Path="tests/FlowX.Chaos/FlowX.Chaos.csproj" />
    <Project Path="tests/FlowX.Cli.Tests/FlowX.Cli.Tests.csproj" />
    <Project Path="tests/FlowX.Compiler.CodeFixes.Tests/FlowX.Compiler.CodeFixes.Tests.csproj" />
    <Project Path="tests/FlowX.Compiler.Tests/FlowX.Compiler.Tests.csproj" />
    <Project Path="tests/FlowX.Conformance.Tests/FlowX.Conformance.Tests.csproj" />
    <Project Path="tests/FlowX.Core.Tests/FlowX.Core.Tests.csproj" />
    <Project Path="tests/FlowX.Hosting.Tests/FlowX.Hosting.Tests.csproj" />
    <Project Path="tests/FlowX.Http.Tests/FlowX.Http.Tests.csproj" />
    <Project Path="tests/FlowX.JournalBenchmarks/FlowX.JournalBenchmarks.csproj" />
    <Project Path="tests/FlowX.Postgres.Tests/FlowX.Postgres.Tests.csproj" />
    <Project Path="tests/FlowX.Redis.Tests/FlowX.Redis.Tests.csproj" />
    <Project Path="tests/FlowX.Runtime.Tests/FlowX.Runtime.Tests.csproj" />
    <Project Path="tests/Workflow.Tests/Workflow.Tests.csproj" />
    <Project Path="tests/FlowX.Testing.Tests/FlowX.Testing.Tests.csproj" />
  </Folder>
</Solution>
